{
  "nodes": {
    "crane": {
      "locked": {
        "lastModified": 1770419512,
        "narHash": "sha256-o8Vcdz6B6bkiGUYkZqFwH3Pv1JwZyXht3dMtS7RchIo=",
        "owner": "ipetkov",
        "repo": "crane",
        "rev": "2510f2cbc3ccd237f700bb213756a8f35c32d8d7",
        "type": "github"
      },
      "original": {
        "owner": "ipetkov",
        "repo": "crane",
        "type": "github"
      }
    },
    "nixpkgs": {
      "locked": {
        "lastModified": 1770537093,
        "narHash": "sha256-pF1quXG5wsgtyuPOHcLfYg/ft/QMr8NnX0i6tW2187s=",
        "owner": "NixOS",
        "repo": "nixpkgs",
        "rev": "fef9403a3e4d31b0a23f0bacebbec52c248fbb51",
        "type": "github"
      },
      "original": {
        "owner": "NixOS",
        "ref": "nixpkgs-unstable",
        "repo": "nixpkgs",
        "type": "github"
      }
    },
    "nixpkgs_2": {
      "locked": {
        "lastModified": 1744536153,
        "narHash": "sha256-awS2zRgF4uTwrOKwwiJcByDzDOdo3Q1rPZbiHQg/N38=",
        "owner": "NixOS",
        "repo": "nixpkgs",
        "rev": "18dd725c29603f582cf1900e0d25f9f1063dbf11",
        "type": "github"
      },
      "original": {
        "owner": "NixOS",
        "ref": "nixpkgs-unstable",
        "repo": "nixpkgs",
        "type": "github"
      }
    },
    "root": {
      "inputs": {
        "crane": "crane",
        "nixpkgs": "nixpkgs",
        "rust-overlay": "rust-overlay"
      }
    },
    "rust-overlay": {
      "inputs": {
        "nixpkgs": "nixpkgs_2"
      },
      "locked": {
        "lastModified": 1770693064,
        "narHash": "sha256-Pomhlz+3/6uRJUhKz/kJwmJUux8GTWbXlCX4/RxlXLo=",
        "owner": "oxalica",
        "repo": "rust-overlay",
        "rev": "a5f6d8a6a6868db2a3055cfe2b5dd01422780433",
        "type": "github"
      },
      "original": {
        "owner": "oxalica",
        "repo": "rust-overlay",
        "type": "github"
      }
    }
  },
  "root": "root",
  "version": 7
}
